// !$*UTF8*$!
{
	archiveVersion = 1;
	classes = {
	};
	objectVersion = 46;
	objects = {

/* Begin PBXBuildFile section */
		BB3DDCF31EBFC4140017AC72 /* Keyçhain2.swift in Sources */ = {isa = PBXBuildFile; fileRef = BB3DDCF21EBFC4140017AC72 /* Keyçhain2.swift */; };
		BB3DDCF51EBFC5EB0017AC72 /* Segue.swift in Sources */ = {isa = PBXBuildFile; fileRef = BB3DDCF41EBFC5EB0017AC72 /* Segue.swift */; };
		BB6507111E75893200354E4E /* AppDelegate.swift in Sources */ = {isa = PBXBuildFile; fileRef = BB6507101E75893200354E4E /* AppDelegate.swift */; };
		BB6507131E75893200354E4E /* ViewController.swift in Sources */ = {isa = PBXBuildFile; fileRef = BB6507121E75893200354E4E /* ViewController.swift */; };
		BB6507161E75893200354E4E /* Main.storyboard in Resources */ = {isa = PBXBuildFile; fileRef = BB6507141E75893200354E4E /* Main.storyboard */; };
		BB6507181E75893200354E4E /* Assets.xcassets in Resources */ = {isa = PBXBuildFile; fileRef = BB6507171E75893200354E4E /* Assets.xcassets */; };
		BB65071B1E75893200354E4E /* LaunchScreen.storyboard in Resources */ = {isa = PBXBuildFile; fileRef = BB6507191E75893200354E4E /* LaunchScreen.storyboard */; };
		BB6507261E75893200354E4E /* KeyChainTests.swift in Sources */ = {isa = PBXBuildFile; fileRef = BB6507251E75893200354E4E /* KeyChainTests.swift */; };
		BB6507311E75893200354E4E /* KeyChainUITests.swift in Sources */ = {isa = PBXBuildFile; fileRef = BB6507301E75893200354E4E /* KeyChainUITests.swift */; };
		BB65073F1E75893A00354E4E /* keyChain.swift in Sources */ = {isa = PBXBuildFile; fileRef = BB65073E1E75893A00354E4E /* keyChain.swift */; };
/* End PBXBuildFile section */

/* Begin PBXContainerItemProxy section */
		BB6507221E75893200354E4E /* PBXContainerItemProxy */ = {
			isa = PBXContainerItemProxy;
			containerPortal = BB6507051E75893200354E4E /* Project object */;
			proxyType = 1;
			remoteGlobalIDString = BB65070C1E75893200354E4E;
			remoteInfo = KeyChain;
		};
		BB65072D1E75893200354E4E /* PBXContainerItemProxy */ = {
			isa = PBXContainerItemProxy;
			containerPortal = BB6507051E75893200354E4E /* Project object */;
			proxyType = 1;
			remoteGlobalIDString = BB65070C1E75893200354E4E;
			remoteInfo = KeyChain;
		};
/* End PBXContainerItemProxy section */

/* Begin PBXFileReference section */
		BB3DDCF21EBFC4140017AC72 /* Keyçhain2.swift */ = {isa = PBXFileReference; fileEncoding = 4; lastKnownFileType = sourcecode.swift; path = "Keyçhain2.swift"; sourceTree = "<group>"; };
		BB3DDCF41EBFC5EB0017AC72 /* Segue.swift */ = {isa = PBXFileReference; fileEncoding = 4; lastKnownFileType = sourcecode.swift; path = Segue.swift; sourceTree = "<group>"; };
		BB65070D1E75893200354E4E /* KeyChain.app */ = {isa = PBXFileReference; explicitFileType = wrapper.application; includeInIndex = 0; path = KeyChain.app; sourceTree = BUILT_PRODUCTS_DIR; };
		BB6507101E75893200354E4E /* AppDelegate.swift */ = {isa = PBXFileReference; lastKnownFileType = sourcecode.swift; path = AppDelegate.swift; sourceTree = "<group>"; };
		BB6507121E75893200354E4E /* ViewController.swift */ = {isa = PBXFileReference; lastKnownFileType = sourcecode.swift; path = ViewController.swift; sourceTree = "<group>"; };
		BB6507151E75893200354E4E /* Base */ = {isa = PBXFileReference; lastKnownFileType = file.storyboard; name = Base; path = Base.lproj/Main.storyboard; sourceTree = "<group>"; };
		BB6507171E75893200354E4E /* Assets.xcassets */ = {isa = PBXFileReference; lastKnownFileType = folder.assetcatalog; path = Assets.xcassets; sourceTree = "<group>"; };
		BB65071A1E75893200354E4E /* Base */ = {isa = PBXFileReference; lastKnownFileType = file.storyboard; name = Base; path = Base.lproj/LaunchScreen.storyboard; sourceTree = "<group>"; };
		BB65071C1E75893200354E4E /* Info.plist */ = {isa = PBXFileReference; lastKnownFileType = text.plist.xml; path = Info.plist; sourceTree = "<group>"; };
		BB6507211E75893200354E4E /* KeyChainTests.xctest */ = {isa = PBXFileReference; explicitFileType = wrapper.cfbundle; includeInIndex = 0; path = KeyChainTests.xctest; sourceTree = BUILT_PRODUCTS_DIR; };
		BB6507251E75893200354E4E /* KeyChainTests.swift */ = {isa = PBXFileReference; lastKnownFileType = sourcecode.swift; path = KeyChainTests.swift; sourceTree = "<group>"; };
		BB6507271E75893200354E4E /* Info.plist */ = {isa = PBXFileReference; lastKnownFileType = text.plist.xml; path = Info.plist; sourceTree = "<group>"; };
		BB65072C1E75893200354E4E /* KeyChainUITests.xctest */ = {isa = PBXFileReference; explicitFileType = wrapper.cfbundle; includeInIndex = 0; path = KeyChainUITests.xctest; sourceTree = BUILT_PRODUCTS_DIR; };
		BB6507301E75893200354E4E /* KeyChainUITests.swift */ = {isa = PBXFileReference; lastKnownFileType = sourcecode.swift; path = KeyChainUITests.swift; sourceTree = "<group>"; };
		BB6507321E75893200354E4E /* Info.plist */ = {isa = PBXFileReference; lastKnownFileType = text.plist.xml; path = Info.plist; sourceTree = "<group>"; };
		BB65073E1E75893A00354E4E /* keyChain.swift */ = {isa = PBXFileReference; fileEncoding = 4; lastKnownFileType = sourcecode.swift; path = keyChain.swift; sourceTree = "<group>"; };
/* End PBXFileReference section */

/* Begin PBXFrameworksBuildPhase section */
		BB65070A1E75893200354E4E /* Frameworks */ = {
			isa = PBXFrameworksBuildPhase;
			buildActionMask = 2147483647;
			files = (
			);
			runOnlyForDeploymentPostprocessing = 0;
		};
		BB65071E1E75893200354E4E /* Frameworks */ = {
			isa = PBXFrameworksBuildPhase;
			buildActionMask = 2147483647;
			files = (
			);
			runOnlyForDeploymentPostprocessing = 0;
		};
		BB6507291E75893200354E4E /* Frameworks */ = {
			isa = PBXFrameworksBuildPhase;
			buildActionMask = 2147483647;
			files = (
			);
			runOnlyForDeploymentPostprocessing = 0;
		};
/* End PBXFrameworksBuildPhase section */

/* Begin PBXGroup section */
		BB6507041E75893200354E4E = {
			isa = PBXGroup;
			children = (
				BB3DDCF41EBFC5EB0017AC72 /* Segue.swift */,
				BB65070F1E75893200354E4E /* KeyChain */,
				BB6507241E75893200354E4E /* KeyChainTests */,
				BB65072F1E75893200354E4E /* KeyChainUITests */,
				BB65070E1E75893200354E4E /* Products */,
			);
			sourceTree = "<group>";
		};
		BB65070E1E75893200354E4E /* Products */ = {
			isa = PBXGroup;
			children = (
				BB65070D1E75893200354E4E /* KeyChain.app */,
				BB6507211E75893200354E4E /* KeyChainTests.xctest */,
				BB65072C1E75893200354E4E /* KeyChainUITests.xctest */,
			);
			name = Products;
			sourceTree = "<group>";
		};
		BB65070F1E75893200354E4E /* KeyChain */ = {
			isa = PBXGroup;
			children = (
				BB6507101E75893200354E4E /* AppDelegate.swift */,
				BB6507121E75893200354E4E /* ViewController.swift */,
				BB65073E1E75893A00354E4E /* keyChain.swift */,
				BB3DDCF21EBFC4140017AC72 /* Keyçhain2.swift */,
				BB6507141E75893200354E4E /* Main.storyboard */,
				BB6507171E75893200354E4E /* Assets.xcassets */,
				BB6507191E75893200354E4E /* LaunchScreen.storyboard */,
				BB65071C1E75893200354E4E /* Info.plist */,
			);
			path = KeyChain;
			sourceTree = "<group>";
		};
		BB6507241E75893200354E4E /* KeyChainTests */ = {
			isa = PBXGroup;
			children = (
				BB6507251E75893200354E4E /* KeyChainTests.swift */,
				BB6507271E75893200354E4E /* Info.plist */,
			);
			path = KeyChainTests;
			sourceTree = "<group>";
		};
		BB65072F1E75893200354E4E /* KeyChainUITests */ = {
			isa = PBXGroup;
			children = (
				BB6507301E75893200354E4E /* KeyChainUITests.swift */,
				BB6507321E75893200354E4E /* Info.plist */,
			);
			path = KeyChainUITests;
			sourceTree = "<group>";
		};
/* End PBXGroup section */

/* Begin PBXNativeTarget section */
		BB65070C1E75893200354E4E /* KeyChain */ = {
			isa = PBXNativeTarget;
			buildConfigurationList = BB6507351E75893200354E4E /* Build configuration list for PBXNativeTarget "KeyChain" */;
			buildPhases = (
				BB6507091E75893200354E4E /* Sources */,
				BB65070A1E75893200354E4E /* Frameworks */,
				BB65070B1E75893200354E4E /* Resources */,
			);
			buildRules = (
			);
			dependencies = (
			);
			name = KeyChain;
			productName = KeyChain;
			productReference = BB65070D1E75893200354E4E /* KeyChain.app */;
			productType = "com.apple.product-type.application";
		};
		BB6507201E75893200354E4E /* KeyChainTests */ = {
			isa = PBXNativeTarget;
			buildConfigurationList = BB6507381E75893200354E4E /* Build configuration list for PBXNativeTarget "KeyChainTests" */;
			buildPhases = (
				BB65071D1E75893200354E4E /* Sources */,
				BB65071E1E75893200354E4E /* Frameworks */,
				BB65071F1E75893200354E4E /* Resources */,
			);
			buildRules = (
			);
			dependencies = (
				BB6507231E75893200354E4E /* PBXTargetDependency */,
			);
			name = KeyChainTests;
			productName = KeyChainTests;
			productReference = BB6507211E75893200354E4E /* KeyChainTests.xctest */;
			productType = "com.apple.product-type.bundle.unit-test";
		};
		BB65072B1E75893200354E4E /* KeyChainUITests */ = {
			isa = PBXNativeTarget;
			buildConfigurationList = BB65073B1E75893200354E4E /* Build configuration list for PBXNativeTarget "KeyChainUITests" */;
			buildPhases = (
				BB6507281E75893200354E4E /* Sources */,
				BB6507291E75893200354E4E /* Frameworks */,
				BB65072A1E75893200354E4E /* Resources */,
			);
			buildRules = (
			);
			dependencies = (
				BB65072E1E75893200354E4E /* PBXTargetDependency */,
			);
			name = KeyChainUITests;
			productName = KeyChainUITests;
			productReference = BB65072C1E75893200354E4E /* KeyChainUITests.xctest */;
			productType = "com.apple.product-type.bundle.ui-testing";
		};
/* End PBXNativeTarget section */

/* Begin PBXProject section */
		BB6507051E75893200354E4E /* Project object */ = {
			isa = PBXProject;
			attributes = {
				LastSwiftUpdateCheck = 0820;
				LastUpgradeCheck = 0820;
				ORGANIZATIONNAME = "永田大祐";
				TargetAttributes = {
					BB65070C1E75893200354E4E = {
						CreatedOnToolsVersion = 8.2.1;
						DevelopmentTeam = B3ZKJZUE9E;
						ProvisioningStyle = Automatic;
					};
					BB6507201E75893200354E4E = {
						CreatedOnToolsVersion = 8.2.1;
						DevelopmentTeam = B3ZKJZUE9E;
						ProvisioningStyle = Automatic;
						TestTargetID = BB65070C1E75893200354E4E;
					};
					BB65072B1E75893200354E4E = {
						CreatedOnToolsVersion = 8.2.1;
						DevelopmentTeam = B3ZKJZUE9E;
						ProvisioningStyle = Automatic;
						TestTargetID = BB65070C1E75893200354E4E;
					};
				};
			};
			buildConfigurationList = BB6507081E75893200354E4E /* Build configuration list for PBXProject "KeyChain" */;
			compatibilityVersion = "Xcode 3.2";
			developmentRegion = English;
			hasScannedForEncodings = 0;
			knownRegions = (
				en,
				Base,
			);
			mainGroup = BB6507041E75893200354E4E;
			productRefGroup = BB65070E1E75893200354E4E /* Products */;
			projectDirPath = "";
			projectRoot = "";
			targets = (
				BB65070C1E75893200354E4E /* KeyChain */,
				BB6507201E75893200354E4E /* KeyChainTests */,
				BB65072B1E75893200354E4E /* KeyChainUITests */,
			);
		};
/* End PBXProject section */

/* Begin PBXResourcesBuildPhase section */
		BB65070B1E75893200354E4E /* Resources */ = {
			isa = PBXResourcesBuildPhase;
			buildActionMask = 2147483647;
			files = (
				BB65071B1E75893200354E4E /* LaunchScreen.storyboard in Resources */,
				BB6507181E75893200354E4E /* Assets.xcassets in Resources */,
				BB6507161E75893200354E4E /* Main.storyboard in Resources */,
			);
			runOnlyForDeploymentPostprocessing = 0;
		};
		BB65071F1E75893200354E4E /* Resources */ = {
			isa = PBXResourcesBuildPhase;
			buildActionMask = 2147483647;
			files = (
			);
			runOnlyForDeploymentPostprocessing = 0;
		};
		BB65072A1E75893200354E4E /* Resources */ = {
			isa = PBXResourcesBuildPhase;
			buildActionMask = 2147483647;
			files = (
			);
			runOnlyForDeploymentPostprocessing = 0;
		};
/* End PBXResourcesBuildPhase section */

/* Begin PBXSourcesBuildPhase section */
		BB6507091E75893200354E4E /* Sources */ = {
			isa = PBXSourcesBuildPhase;
			buildActionMask = 2147483647;
			files = (
				BB3DDCF31EBFC4140017AC72 /* Keyçhain2.swift in Sources */,
				BB65073F1E75893A00354E4E /* keyChain.swift in Sources */,
				BB6507131E75893200354E4E /* ViewController.swift in Sources */,
				BB3DDCF51EBFC5EB0017AC72 /* Segue.swift in Sources */,
				BB6507111E75893200354E4E /* AppDelegate.swift in Sources */,
			);
			runOnlyForDeploymentPostprocessing = 0;
		};
		BB65071D1E75893200354E4E /* Sources */ = {
			isa = PBXSourcesBuildPhase;
			buildActionMask = 2147483647;
			files = (
				BB6507261E75893200354E4E /* KeyChainTests.swift in Sources */,
			);
			runOnlyForDeploymentPostprocessing = 0;
		};
		BB6507281E75893200354E4E /* Sources */ = {
			isa = PBXSourcesBuildPhase;
			buildActionMask = 2147483647;
			files = (
				BB6507311E75893200354E4E /* KeyChainUITests.swift in Sources */,
			);
			runOnlyForDeploymentPostprocessing = 0;
		};
/* End PBXSourcesBuildPhase section */

/* Begin PBXTargetDependency section */
		BB6507231E75893200354E4E /* PBXTargetDependency */ = {
			isa = PBXTargetDependency;
			target = BB65070C1E75893200354E4E /* KeyChain */;
			targetProxy = BB6507221E75893200354E4E /* PBXContainerItemProxy */;
		};
		BB65072E1E75893200354E4E /* PBXTargetDependency */ = {
			isa = PBXTargetDependency;
			target = BB65070C1E75893200354E4E /* KeyChain */;
			targetProxy = BB65072D1E75893200354E4E /* PBXContainerItemProxy */;
		};
/* End PBXTargetDependency section */

/* Begin PBXVariantGroup section */
		BB6507141E75893200354E4E /* Main.storyboard */ = {
			isa = PBXVariantGroup;
			children = (
				BB6507151E75893200354E4E /* Base */,
			);
			name = Main.storyboard;
			sourceTree = "<group>";
		};
		BB6507191E75893200354E4E /* LaunchScreen.storyboard */ = {
			isa = PBXVariantGroup;
			children = (
				BB65071A1E75893200354E4E /* Base */,
			);
			name = LaunchScreen.storyboard;
			sourceTree = "<group>";
		};
/* End PBXVariantGroup section */

/* Begin XCBuildConfiguration section */
		BB6507331E75893200354E4E /* Debug */ = {
			isa = XCBuildConfiguration;
			buildSettings = {
				ALWAYS_SEARCH_USER_PATHS = NO;
				CLANG_ANALYZER_NONNULL = YES;
				CLANG_CXX_LANGUAGE_STANDARD = "gnu++0x";
				CLANG_CXX_LIBRARY = "libc++";
				CLANG_ENABLE_MODULES = YES;
				CLANG_ENABLE_OBJC_ARC = YES;
				CLANG_WARN_BOOL_CONVERSION = YES;
				CLANG_WARN_CONSTANT_CONVERSION = YES;
				CLANG_WARN_DIRECT_OBJC_ISA_USAGE = YES_ERROR;
				CLANG_WARN_DOCUMENTATION_COMMENTS = YES;
				CLANG_WARN_EMPTY_BODY = YES;
				CLANG_WARN_ENUM_CONVERSION = YES;
				CLANG_WARN_INFINITE_RECURSION = YES;
				CLANG_WARN_INT_CONVERSION = YES;
				CLANG_WARN_OBJC_ROOT_CLASS = YES_ERROR;
				CLANG_WARN_SUSPICIOUS_MOVE = YES;
				CLANG_WARN_UNREACHABLE_CODE = YES;
				CLANG_WARN__DUPLICATE_METHOD_MATCH = YES;
				"CODE_SIGN_IDENTITY[sdk=iphoneos*]" = "iPhone Developer";
				COPY_PHASE_STRIP = NO;
				DEBUG_INFORMATION_FORMAT = dwarf;
				ENABLE_STRICT_OBJC_MSGSEND = YES;
				ENABLE_TESTABILITY = YES;
				GCC_C_LANGUAGE_STANDARD = gnu99;
				GCC_DYNAMIC_NO_PIC = NO;
				GCC_NO_COMMON_BLOCKS = YES;
				GCC_OPTIMIZATION_LEVEL = 0;
				GCC_PREPROCESSOR_DEFINITIONS = (
					"DEBUG=1",
					"$(inherited)",
				);
				GCC_WARN_64_TO_32_BIT_CONVERSION = YES;
				GCC_WARN_ABOUT_RETURN_TYPE = YES_ERROR;
				GCC_WARN_UNDECLARED_SELECTOR = YES;
				GCC_WARN_UNINITIALIZED_AUTOS = YES_AGGRESSIVE;
				GCC_WARN_UNUSED_FUNCTION = YES;
				GCC_WARN_UNUSED_VARIABLE = YES;
				IPHONEOS_DEPLOYMENT_TARGET = 10.2;
				MTL_ENABLE_DEBUG_INFO = YES;
				ONLY_ACTIVE_ARCH = YES;
				SDKROOT = iphoneos;
				SWIFT_ACTIVE_COMPILATION_CONDITIONS = DEBUG;
				SWIFT_OPTIMIZATION_LEVEL = "-Onone";
				TARGETED_DEVICE_FAMILY = "1,2";
			};
			name = Debug;
		};
		BB6507341E75893200354E4E /* Release */ = {
			isa = XCBuildConfiguration;
			buildSettings = {
				ALWAYS_SEARCH_USER_PATHS = NO;
				CLANG_ANALYZER_NONNULL = YES;
				CLANG_CXX_LANGUAGE_STANDARD = "gnu++0x";
				CLANG_CXX_LIBRARY = "libc++";
				CLANG_ENABLE_MODULES = YES;
				CLANG_ENABLE_OBJC_ARC = YES;
				CLANG_WARN_BOOL_CONVERSION = YES;
				CLANG_WARN_CONSTANT_CONVERSION = YES;
				CLANG_WARN_DIRECT_OBJC_ISA_USAGE = YES_ERROR;
				CLANG_WARN_DOCUMENTATION_COMMENTS = YES;
				CLANG_WARN_EMPTY_BODY = YES;
				CLANG_WARN_ENUM_CONVERSION = YES;
				CLANG_WARN_INFINITE_RECURSION = YES;
				CLANG_WARN_INT_CONVERSION = YES;
				CLANG_WARN_OBJC_ROOT_CLASS = YES_ERROR;
				CLANG_WARN_SUSPICIOUS_MOVE = YES;
				CLANG_WARN_UNREACHABLE_CODE = YES;
				CLANG_WARN__DUPLICATE_METHOD_MATCH = YES;
				"CODE_SIGN_IDENTITY[sdk=iphoneos*]" = "iPhone Developer";
				COPY_PHASE_STRIP = NO;
				DEBUG_INFORMATION_FORMAT = "dwarf-with-dsym";
				ENABLE_NS_ASSERTIONS = NO;
				ENABLE_STRICT_OBJC_MSGSEND = YES;
				GCC_C_LANGUAGE_STANDARD = gnu99;
				GCC_NO_COMMON_BLOCKS = YES;
				GCC_WARN_64_TO_32_BIT_CONVERSION = YES;
				GCC_WARN_ABOUT_RETURN_TYPE = YES_ERROR;
				GCC_WARN_UNDECLARED_SELECTOR = YES;
				GCC_WARN_UNINITIALIZED_AUTOS = YES_AGGRESSIVE;
				GCC_WARN_UNUSED_FUNCTION = YES;
				GCC_WARN_UNUSED_VARIABLE = YES;
				IPHONEOS_DEPLOYMENT_TARGET = 10.2;
				MTL_ENABLE_DEBUG_INFO = NO;
				SDKROOT = iphoneos;
				SWIFT_OPTIMIZATION_LEVEL = "-Owholemodule";
				TARGETED_DEVICE_FAMILY = "1,2";
				VALIDATE_PRODUCT = YES;
			};
			name = Release;
		};
		BB6507361E75893200354E4E /* Debug */ = {
			isa = XCBuildConfiguration;
			buildSettings = {
				ASSETCATALOG_COMPILER_APPICON_NAME = AppIcon;
				DEVELOPMENT_TEAM = B3ZKJZUE9E;
				INFOPLIST_FILE = KeyChain/Info.plist;
				LD_RUNPATH_SEARCH_PATHS = "$(inherited) @executable_path/Frameworks";
				PRODUCT_BUNDLE_IDENTIFIER = jp.solva.ActiveTimeSLiteAlpha.KeyChain;
				PRODUCT_NAME = "$(TARGET_NAME)";
				SWIFT_VERSION = 3.0;
			};
			name = Debug;
		};
		BB6507371E75893200354E4E /* Release */ = {
			isa = XCBuildConfiguration;
			buildSettings = {
				ASSETCATALOG_COMPILER_APPICON_NAME = AppIcon;
				DEVELOPMENT_TEAM = B3ZKJZUE9E;
				INFOPLIST_FILE = KeyChain/Info.plist;
				LD_RUNPATH_SEARCH_PATHS = "$(inherited) @executable_path/Frameworks";
				PRODUCT_BUNDLE_IDENTIFIER = jp.solva.ActiveTimeSLiteAlpha.KeyChain;
				PRODUCT_NAME = "$(TARGET_NAME)";
				SWIFT_VERSION = 3.0;
			};
			name = Release;
		};
		BB6507391E75893200354E4E /* Debug */ = {
			isa = XCBuildConfiguration;
			buildSettings = {
				ALWAYS_EMBED_SWIFT_STANDARD_LIBRARIES = YES;
				BUNDLE_LOADER = "$(TEST_HOST)";
				DEVELOPMENT_TEAM = B3ZKJZUE9E;
				INFOPLIST_FILE = KeyChainTests/Info.plist;
				LD_RUNPATH_SEARCH_PATHS = "$(inherited) @executable_path/Frameworks @loader_path/Frameworks";
				PRODUCT_BUNDLE_IDENTIFIER = jp.solva.ActiveTimeSLiteAlpha.KeyChainTests;
				PRODUCT_NAME = "$(TARGET_NAME)";
				SWIFT_VERSION = 3.0;
				TEST_HOST = "$(BUILT_PRODUCTS_DIR)/KeyChain.app/KeyChain";
			};
			name = Debug;
		};
		BB65073A1E75893200354E4E /* Release */ = {
			isa = XCBuildConfiguration;
			buildSettings = {
				ALWAYS_EMBED_SWIFT_STANDARD_LIBRARIES = YES;
				BUNDLE_LOADER = "$(TEST_HOST)";
				DEVELOPMENT_TEAM = B3ZKJZUE9E;
				INFOPLIST_FILE = KeyChainTests/Info.plist;
				LD_RUNPATH_SEARCH_PATHS = "$(inherited) @executable_path/Frameworks @loader_path/Frameworks";
				PRODUCT_BUNDLE_IDENTIFIER = jp.solva.ActiveTimeSLiteAlpha.KeyChainTests;
				PRODUCT_NAME = "$(TARGET_NAME)";
				SWIFT_VERSION = 3.0;
				TEST_HOST = "$(BUILT_PRODUCTS_DIR)/KeyChain.app/KeyChain";
			};
			name = Release;
		};
		BB65073C1E75893200354E4E /* Debug */ = {
			isa = XCBuildConfiguration;
			buildSettings = {
				ALWAYS_EMBED_SWIFT_STANDARD_LIBRARIES = YES;
				DEVELOPMENT_TEAM = B3ZKJZUE9E;
				INFOPLIST_FILE = KeyChainUITests/Info.plist;
				LD_RUNPATH_SEARCH_PATHS = "$(inherited) @executable_path/Frameworks @loader_path/Frameworks";
				PRODUCT_BUNDLE_IDENTIFIER = jp.solva.ActiveTimeSLiteAlpha.KeyChainUITests;
				PRODUCT_NAME = "$(TARGET_NAME)";
				SWIFT_VERSION = 3.0;
				TEST_TARGET_NAME = KeyChain;
			};
			name = Debug;
		};
		BB65073D1E75893200354E4E /* Release */ = {
			isa = XCBuildConfiguration;
			buildSettings = {
				ALWAYS_EMBED_SWIFT_STANDARD_LIBRARIES = YES;
				DEVELOPMENT_TEAM = B3ZKJZUE9E;
				INFOPLIST_FILE = KeyChainUITests/Info.plist;
				LD_RUNPATH_SEARCH_PATHS = "$(inherited) @executable_path/Frameworks @loader_path/Frameworks";
				PRODUCT_BUNDLE_IDENTIFIER = jp.solva.ActiveTimeSLiteAlpha.KeyChainUITests;
				PRODUCT_NAME = "$(TARGET_NAME)";
				SWIFT_VERSION = 3.0;
				TEST_TARGET_NAME = KeyChain;
			};
			name = Release;
		};
/* End XCBuildConfiguration section */

/* Begin XCConfigurationList section */
		BB6507081E75893200354E4E /* Build configuration list for PBXProject "KeyChain" */ = {
			isa = XCConfigurationList;
			buildConfigurations = (
				BB6507331E75893200354E4E /* Debug */,
				BB6507341E75893200354E4E /* Release */,
			);
			defaultConfigurationIsVisible = 0;
			defaultConfigurationName = Release;
		};
		BB6507351E75893200354E4E /* Build configuration list for PBXNativeTarget "KeyChain" */ = {
			isa = XCConfigurationList;
			buildConfigurations = (
				BB6507361E75893200354E4E /* Debug */,
				BB6507371E75893200354E4E /* Release */,
			);
			defaultConfigurationIsVisible = 0;
			defaultConfigurationName = Release;
		};
		BB6507381E75893200354E4E /* Build configuration list for PBXNativeTarget "KeyChainTests" */ = {
			isa = XCConfigurationList;
			buildConfigurations = (
				BB6507391E75893200354E4E /* Debug */,
				BB65073A1E75893200354E4E /* Release */,
			);
			defaultConfigurationIsVisible = 0;
			defaultConfigurationName = Release;
		};
		BB65073B1E75893200354E4E /* Build configuration list for PBXNativeTarget "KeyChainUITests" */ = {
			isa = XCConfigurationList;
			buildConfigurations = (
				BB65073C1E75893200354E4E /* Debug */,
				BB65073D1E75893200354E4E /* Release */,
			);
			defaultConfigurationIsVisible = 0;
			defaultConfigurationName = Release;
		};
/* End XCConfigurationList section */
	};
	rootObject = BB6507051E75893200354E4E /* Project object */;
}
